
Microsoft Visual Studio Solution File, Format Version 12.00
# Visual Studio Version 17
VisualStudioVersion = 17.8.34322.80
MinimumVisualStudioVersion = 10.0.40219.1
Project("{9A19103F-16F7-4668-BE54-9A1E7A4F7556}") = "eBrowser", "eBrowser\eBrowser.csproj", "{7ADE520B-93DE-4E09-A271-DBA3E65D693B}"
EndProject
Project("{FAE04EC0-301F-11D3-BF4B-00C04F79EFBC}") = "e621NET", "e621NET\e621NET.csproj", "{BCF3ECA9-6976-4110-9505-FFEFADE87E47}"
EndProject
Global
	GlobalSection(SolutionConfigurationPlatforms) = preSolution
		Debug|Any CPU = Debug|Any CPU
		Release|Any CPU = Release|Any CPU
	EndGlobalSection
	GlobalSection(ProjectConfigurationPlatforms) = postSolution
		{7ADE520B-93DE-4E09-A271-DBA3E65D693B}.Debug|Any CPU.ActiveCfg = Debug|Any CPU
		{7ADE520B-93DE-4E09-A271-DBA3E65D693B}.Debug|Any CPU.Build.0 = Debug|Any CPU
		{7ADE520B-93DE-4E09-A271-DBA3E65D693B}.Release|Any CPU.ActiveCfg = Release|Any CPU
		{7ADE520B-93DE-4E09-A271-DBA3E65D693B}.Release|Any CPU.Build.0 = Release|Any CPU
		{BCF3ECA9-6976-4110-9505-FFEFADE87E47}.Debug|Any CPU.ActiveCfg = Debug|Any CPU
		{BCF3ECA9-6976-4110-9505-FFEFADE87E47}.Debug|Any CPU.Build.0 = Debug|Any CPU
		{BCF3ECA9-6976-4110-9505-FFEFADE87E47}.Release|Any CPU.ActiveCfg = Release|Any CPU
		{BCF3ECA9-6976-4110-9505-FFEFADE87E47}.Release|Any CPU.Build.0 = Release|Any CPU
	EndGlobalSection
	GlobalSection(SolutionProperties) = preSolution
		HideSolutionNode = FALSE
	EndGlobalSection
	GlobalSection(ExtensibilityGlobals) = postSolution
		SolutionGuid = {2000CCD4-AA55-41D6-B59B-19E411D1E7D4}
	EndGlobalSection
EndGlobal
